
Microsoft Visual Studio Solution File, Format Version 12.00
# Visual Studio Version 17
VisualStudioVersion = 17.0.31903.59
MinimumVisualStudioVersion = 10.0.40219.1
Project("{2150E333-8FDC-42A3-9474-1A3956D46DE8}") = "Frontend", "Frontend", "{7A969605-C15F-43BD-9AD0-834BC4683E1D}"
EndProject
Project("{FAE04EC0-301F-11D3-BF4B-00C04F79EFBC}") = "GeekShopping.Web", "Frontend\GeekShopping.Web\GeekShopping.Web.csproj", "{CA6CB37F-DCB9-40B5-8475-53C8DC54879F}"
EndProject
Project("{2150E333-8FDC-42A3-9474-1A3956D46DE8}") = "MicroServices", "MicroServices", "{AAABB0BF-5F58-431D-97E1-6E472F6EBADA}"
EndProject
Project("{FAE04EC0-301F-11D3-BF4B-00C04F79EFBC}") = "GeekShopping.ProductAPI", "MicroServices\GeekShopping.ProductAPI\GeekShopping.ProductAPI.csproj", "{5186B35C-AE54-4A67-933F-2AEBD9BA508C}"
EndProject
Project("{FAE04EC0-301F-11D3-BF4B-00C04F79EFBC}") = "GeekShopping.IdentityServer", "MicroServices\GeekShopping.IdentityServer\GeekShopping.IdentityServer.csproj", "{07B256A9-60E7-4DDE-88C1-612B7DBB00DB}"
EndProject
Project("{FAE04EC0-301F-11D3-BF4B-00C04F79EFBC}") = "GeekShopping.CartAPI", "MicroServices\GeekShopping.CartAPI\GeekShopping.CartAPI.csproj", "{B909E9E2-6AB5-4705-8D6F-BB8A2E212191}"
EndProject
Project("{FAE04EC0-301F-11D3-BF4B-00C04F79EFBC}") = "GeekShopping.CouponAPI", "MicroServices\GeekShopping.CouponAPI\GeekShopping.CouponAPI.csproj", "{D3CADB60-21AC-4085-9EBD-07C0A9E767EB}"
EndProject
Project("{2150E333-8FDC-42A3-9474-1A3956D46DE8}") = "Integration", "Integration", "{A576AEA8-C447-40E8-A470-AAE50DCAC173}"
EndProject
Project("{FAE04EC0-301F-11D3-BF4B-00C04F79EFBC}") = "GeekShopping.MessageBus", "Integration\GeekShopping.MessageBus\GeekShopping.MessageBus.csproj", "{B9F3E518-A92D-467D-99C2-229267D408AD}"
EndProject
Project("{FAE04EC0-301F-11D3-BF4B-00C04F79EFBC}") = "GeekShopping.OrderAPI", "MicroServices\GeekShopping.OrderAPI\GeekShopping.OrderAPI.csproj", "{0D560EEF-11E8-4E64-90AE-3CA3C9D25418}"
EndProject
Project("{2150E333-8FDC-42A3-9474-1A3956D46DE8}") = "Core", "Core", "{E1285180-3329-4C0F-A46B-EBECB5DF8224}"
EndProject
Project("{FAE04EC0-301F-11D3-BF4B-00C04F79EFBC}") = "GeekShopping.PaymentProcessor", "Core\GeekShopping.PaymentProcessor\GeekShopping.PaymentProcessor.csproj", "{FD0C8B90-6967-42DA-B34A-D17B714F305B}"
EndProject
Global
	GlobalSection(SolutionProperties) = preSolution
		HideSolutionNode = FALSE
	EndGlobalSection
	GlobalSection(SolutionConfigurationPlatforms) = preSolution
		Debug|Any CPU = Debug|Any CPU
		Debug|x64 = Debug|x64
		Debug|x86 = Debug|x86
		Release|Any CPU = Release|Any CPU
		Release|x64 = Release|x64
		Release|x86 = Release|x86
	EndGlobalSection
	GlobalSection(ProjectConfigurationPlatforms) = postSolution
		{CA6CB37F-DCB9-40B5-8475-53C8DC54879F}.Debug|Any CPU.ActiveCfg = Debug|Any CPU
		{CA6CB37F-DCB9-40B5-8475-53C8DC54879F}.Debug|Any CPU.Build.0 = Debug|Any CPU
		{CA6CB37F-DCB9-40B5-8475-53C8DC54879F}.Debug|x64.ActiveCfg = Debug|Any CPU
		{CA6CB37F-DCB9-40B5-8475-53C8DC54879F}.Debug|x64.Build.0 = Debug|Any CPU
		{CA6CB37F-DCB9-40B5-8475-53C8DC54879F}.Debug|x86.ActiveCfg = Debug|Any CPU
		{CA6CB37F-DCB9-40B5-8475-53C8DC54879F}.Debug|x86.Build.0 = Debug|Any CPU
		{CA6CB37F-DCB9-40B5-8475-53C8DC54879F}.Release|Any CPU.ActiveCfg = Release|Any CPU
		{CA6CB37F-DCB9-40B5-8475-53C8DC54879F}.Release|Any CPU.Build.0 = Release|Any CPU
		{CA6CB37F-DCB9-40B5-8475-53C8DC54879F}.Release|x64.ActiveCfg = Release|Any CPU
		{CA6CB37F-DCB9-40B5-8475-53C8DC54879F}.Release|x64.Build.0 = Release|Any CPU
		{CA6CB37F-DCB9-40B5-8475-53C8DC54879F}.Release|x86.ActiveCfg = Release|Any CPU
		{CA6CB37F-DCB9-40B5-8475-53C8DC54879F}.Release|x86.Build.0 = Release|Any CPU
		{5186B35C-AE54-4A67-933F-2AEBD9BA508C}.Debug|Any CPU.ActiveCfg = Debug|Any CPU
		{5186B35C-AE54-4A67-933F-2AEBD9BA508C}.Debug|Any CPU.Build.0 = Debug|Any CPU
		{5186B35C-AE54-4A67-933F-2AEBD9BA508C}.Debug|x64.ActiveCfg = Debug|Any CPU
		{5186B35C-AE54-4A67-933F-2AEBD9BA508C}.Debug|x64.Build.0 = Debug|Any CPU
		{5186B35C-AE54-4A67-933F-2AEBD9BA508C}.Debug|x86.ActiveCfg = Debug|Any CPU
		{5186B35C-AE54-4A67-933F-2AEBD9BA508C}.Debug|x86.Build.0 = Debug|Any CPU
		{5186B35C-AE54-4A67-933F-2AEBD9BA508C}.Release|Any CPU.ActiveCfg = Release|Any CPU
		{5186B35C-AE54-4A67-933F-2AEBD9BA508C}.Release|Any CPU.Build.0 = Release|Any CPU
		{5186B35C-AE54-4A67-933F-2AEBD9BA508C}.Release|x64.ActiveCfg = Release|Any CPU
		{5186B35C-AE54-4A67-933F-2AEBD9BA508C}.Release|x64.Build.0 = Release|Any CPU
		{5186B35C-AE54-4A67-933F-2AEBD9BA508C}.Release|x86.ActiveCfg = Release|Any CPU
		{5186B35C-AE54-4A67-933F-2AEBD9BA508C}.Release|x86.Build.0 = Release|Any CPU
		{07B256A9-60E7-4DDE-88C1-612B7DBB00DB}.Debug|Any CPU.ActiveCfg = Debug|Any CPU
		{07B256A9-60E7-4DDE-88C1-612B7DBB00DB}.Debug|Any CPU.Build.0 = Debug|Any CPU
		{07B256A9-60E7-4DDE-88C1-612B7DBB00DB}.Debug|x64.ActiveCfg = Debug|Any CPU
		{07B256A9-60E7-4DDE-88C1-612B7DBB00DB}.Debug|x64.Build.0 = Debug|Any CPU
		{07B256A9-60E7-4DDE-88C1-612B7DBB00DB}.Debug|x86.ActiveCfg = Debug|Any CPU
		{07B256A9-60E7-4DDE-88C1-612B7DBB00DB}.Debug|x86.Build.0 = Debug|Any CPU
		{07B256A9-60E7-4DDE-88C1-612B7DBB00DB}.Release|Any CPU.ActiveCfg = Release|Any CPU
		{07B256A9-60E7-4DDE-88C1-612B7DBB00DB}.Release|Any CPU.Build.0 = Release|Any CPU
		{07B256A9-60E7-4DDE-88C1-612B7DBB00DB}.Release|x64.ActiveCfg = Release|Any CPU
		{07B256A9-60E7-4DDE-88C1-612B7DBB00DB}.Release|x64.Build.0 = Release|Any CPU
		{07B256A9-60E7-4DDE-88C1-612B7DBB00DB}.Release|x86.ActiveCfg = Release|Any CPU
		{07B256A9-60E7-4DDE-88C1-612B7DBB00DB}.Release|x86.Build.0 = Release|Any CPU
		{B909E9E2-6AB5-4705-8D6F-BB8A2E212191}.Debug|Any CPU.ActiveCfg = Debug|Any CPU
		{B909E9E2-6AB5-4705-8D6F-BB8A2E212191}.Debug|Any CPU.Build.0 = Debug|Any CPU
		{B909E9E2-6AB5-4705-8D6F-BB8A2E212191}.Debug|x64.ActiveCfg = Debug|Any CPU
		{B909E9E2-6AB5-4705-8D6F-BB8A2E212191}.Debug|x64.Build.0 = Debug|Any CPU
		{B909E9E2-6AB5-4705-8D6F-BB8A2E212191}.Debug|x86.ActiveCfg = Debug|Any CPU
		{B909E9E2-6AB5-4705-8D6F-BB8A2E212191}.Debug|x86.Build.0 = Debug|Any CPU
		{B909E9E2-6AB5-4705-8D6F-BB8A2E212191}.Release|Any CPU.ActiveCfg = Release|Any CPU
		{B909E9E2-6AB5-4705-8D6F-BB8A2E212191}.Release|Any CPU.Build.0 = Release|Any CPU
		{B909E9E2-6AB5-4705-8D6F-BB8A2E212191}.Release|x64.ActiveCfg = Release|Any CPU
		{B909E9E2-6AB5-4705-8D6F-BB8A2E212191}.Release|x64.Build.0 = Release|Any CPU
		{B909E9E2-6AB5-4705-8D6F-BB8A2E212191}.Release|x86.ActiveCfg = Release|Any CPU
		{B909E9E2-6AB5-4705-8D6F-BB8A2E212191}.Release|x86.Build.0 = Release|Any CPU
		{D3CADB60-21AC-4085-9EBD-07C0A9E767EB}.Debug|Any CPU.ActiveCfg = Debug|Any CPU
		{D3CADB60-21AC-4085-9EBD-07C0A9E767EB}.Debug|Any CPU.Build.0 = Debug|Any CPU
		{D3CADB60-21AC-4085-9EBD-07C0A9E767EB}.Debug|x64.ActiveCfg = Debug|Any CPU
		{D3CADB60-21AC-4085-9EBD-07C0A9E767EB}.Debug|x64.Build.0 = Debug|Any CPU
		{D3CADB60-21AC-4085-9EBD-07C0A9E767EB}.Debug|x86.ActiveCfg = Debug|Any CPU
		{D3CADB60-21AC-4085-9EBD-07C0A9E767EB}.Debug|x86.Build.0 = Debug|Any CPU
		{D3CADB60-21AC-4085-9EBD-07C0A9E767EB}.Release|Any CPU.ActiveCfg = Release|Any CPU
		{D3CADB60-21AC-4085-9EBD-07C0A9E767EB}.Release|Any CPU.Build.0 = Release|Any CPU
		{D3CADB60-21AC-4085-9EBD-07C0A9E767EB}.Release|x64.ActiveCfg = Release|Any CPU
		{D3CADB60-21AC-4085-9EBD-07C0A9E767EB}.Release|x64.Build.0 = Release|Any CPU
		{D3CADB60-21AC-4085-9EBD-07C0A9E767EB}.Release|x86.ActiveCfg = Release|Any CPU
		{D3CADB60-21AC-4085-9EBD-07C0A9E767EB}.Release|x86.Build.0 = Release|Any CPU
		{B9F3E518-A92D-467D-99C2-229267D408AD}.Debug|Any CPU.ActiveCfg = Debug|Any CPU
		{B9F3E518-A92D-467D-99C2-229267D408AD}.Debug|Any CPU.Build.0 = Debug|Any CPU
		{B9F3E518-A92D-467D-99C2-229267D408AD}.Debug|x64.ActiveCfg = Debug|Any CPU
		{B9F3E518-A92D-467D-99C2-229267D408AD}.Debug|x64.Build.0 = Debug|Any CPU
		{B9F3E518-A92D-467D-99C2-229267D408AD}.Debug|x86.ActiveCfg = Debug|Any CPU
		{B9F3E518-A92D-467D-99C2-229267D408AD}.Debug|x86.Build.0 = Debug|Any CPU
		{B9F3E518-A92D-467D-99C2-229267D408AD}.Release|Any CPU.ActiveCfg = Release|Any CPU
		{B9F3E518-A92D-467D-99C2-229267D408AD}.Release|Any CPU.Build.0 = Release|Any CPU
		{B9F3E518-A92D-467D-99C2-229267D408AD}.Release|x64.ActiveCfg = Release|Any CPU
		{B9F3E518-A92D-467D-99C2-229267D408AD}.Release|x64.Build.0 = Release|Any CPU
		{B9F3E518-A92D-467D-99C2-229267D408AD}.Release|x86.ActiveCfg = Release|Any CPU
		{B9F3E518-A92D-467D-99C2-229267D408AD}.Release|x86.Build.0 = Release|Any CPU
		{0D560EEF-11E8-4E64-90AE-3CA3C9D25418}.Debug|Any CPU.ActiveCfg = Debug|Any CPU
		{0D560EEF-11E8-4E64-90AE-3CA3C9D25418}.Debug|Any CPU.Build.0 = Debug|Any CPU
		{0D560EEF-11E8-4E64-90AE-3CA3C9D25418}.Debug|x64.ActiveCfg = Debug|Any CPU
		{0D560EEF-11E8-4E64-90AE-3CA3C9D25418}.Debug|x64.Build.0 = Debug|Any CPU
		{0D560EEF-11E8-4E64-90AE-3CA3C9D25418}.Debug|x86.ActiveCfg = Debug|Any CPU
		{0D560EEF-11E8-4E64-90AE-3CA3C9D25418}.Debug|x86.Build.0 = Debug|Any CPU
		{0D560EEF-11E8-4E64-90AE-3CA3C9D25418}.Release|Any CPU.ActiveCfg = Release|Any CPU
		{0D560EEF-11E8-4E64-90AE-3CA3C9D25418}.Release|Any CPU.Build.0 = Release|Any CPU
		{0D560EEF-11E8-4E64-90AE-3CA3C9D25418}.Release|x64.ActiveCfg = Release|Any CPU
		{0D560EEF-11E8-4E64-90AE-3CA3C9D25418}.Release|x64.Build.0 = Release|Any CPU
		{0D560EEF-11E8-4E64-90AE-3CA3C9D25418}.Release|x86.ActiveCfg = Release|Any CPU
		{0D560EEF-11E8-4E64-90AE-3CA3C9D25418}.Release|x86.Build.0 = Release|Any CPU
		{FD0C8B90-6967-42DA-B34A-D17B714F305B}.Debug|Any CPU.ActiveCfg = Debug|Any CPU
		{FD0C8B90-6967-42DA-B34A-D17B714F305B}.Debug|Any CPU.Build.0 = Debug|Any CPU
		{FD0C8B90-6967-42DA-B34A-D17B714F305B}.Debug|x64.ActiveCfg = Debug|Any CPU
		{FD0C8B90-6967-42DA-B34A-D17B714F305B}.Debug|x64.Build.0 = Debug|Any CPU
		{FD0C8B90-6967-42DA-B34A-D17B714F305B}.Debug|x86.ActiveCfg = Debug|Any CPU
		{FD0C8B90-6967-42DA-B34A-D17B714F305B}.Debug|x86.Build.0 = Debug|Any CPU
		{FD0C8B90-6967-42DA-B34A-D17B714F305B}.Release|Any CPU.ActiveCfg = Release|Any CPU
		{FD0C8B90-6967-42DA-B34A-D17B714F305B}.Release|Any CPU.Build.0 = Release|Any CPU
		{FD0C8B90-6967-42DA-B34A-D17B714F305B}.Release|x64.ActiveCfg = Release|Any CPU
		{FD0C8B90-6967-42DA-B34A-D17B714F305B}.Release|x64.Build.0 = Release|Any CPU
		{FD0C8B90-6967-42DA-B34A-D17B714F305B}.Release|x86.ActiveCfg = Release|Any CPU
		{FD0C8B90-6967-42DA-B34A-D17B714F305B}.Release|x86.Build.0 = Release|Any CPU
	EndGlobalSection
	GlobalSection(NestedProjects) = preSolution
		{CA6CB37F-DCB9-40B5-8475-53C8DC54879F} = {7A969605-C15F-43BD-9AD0-834BC4683E1D}
		{5186B35C-AE54-4A67-933F-2AEBD9BA508C} = {AAABB0BF-5F58-431D-97E1-6E472F6EBADA}
		{07B256A9-60E7-4DDE-88C1-612B7DBB00DB} = {AAABB0BF-5F58-431D-97E1-6E472F6EBADA}
		{B909E9E2-6AB5-4705-8D6F-BB8A2E212191} = {AAABB0BF-5F58-431D-97E1-6E472F6EBADA}
		{D3CADB60-21AC-4085-9EBD-07C0A9E767EB} = {AAABB0BF-5F58-431D-97E1-6E472F6EBADA}
		{B9F3E518-A92D-467D-99C2-229267D408AD} = {A576AEA8-C447-40E8-A470-AAE50DCAC173}
		{0D560EEF-11E8-4E64-90AE-3CA3C9D25418} = {AAABB0BF-5F58-431D-97E1-6E472F6EBADA}
		{FD0C8B90-6967-42DA-B34A-D17B714F305B} = {E1285180-3329-4C0F-A46B-EBECB5DF8224}
	EndGlobalSection
EndGlobal
