
Microsoft Visual Studio Solution File, Format Version 12.00
# Visual Studio Version 17
VisualStudioVersion = 17.0.31903.59
MinimumVisualStudioVersion = 10.0.40219.1
Project("{2150E333-8FDC-42A3-9474-1A3956D46DE8}") = "Frontend", "Frontend", "{7A969605-C15F-43BD-9AD0-834BC4683E1D}"
EndProject
Project("{FAE04EC0-301F-11D3-BF4B-00C04F79EFBC}") = "GeekShopping.Web", "Frontend\GeekShopping.Web\GeekShopping.Web.csproj", "{CA6CB37F-DCB9-40B5-8475-53C8DC54879F}"
EndProject
Project("{2150E333-8FDC-42A3-9474-1A3956D46DE8}") = "MicroServices", "MicroServices", "{AAABB0BF-5F58-431D-97E1-6E472F6EBADA}"
EndProject
Project("{FAE04EC0-301F-11D3-BF4B-00C04F79EFBC}") = "GeekShopping.ProductAPI", "MicroServices\GeekShopping.ProductAPI\GeekShopping.ProductAPI.csproj", "{5186B35C-AE54-4A67-933F-2AEBD9BA508C}"
EndProject
Project("{FAE04EC0-301F-11D3-BF4B-00C04F79EFBC}") = "GeekShopping.IdentityServer", "MicroServices\GeekShopping.IdentityServer\GeekShopping.IdentityServer.csproj", "{07B256A9-60E7-4DDE-88C1-612B7DBB00DB}"
EndProject
Global
	GlobalSection(SolutionProperties) = preSolution
		HideSolutionNode = FALSE
	EndGlobalSection
	GlobalSection(SolutionConfigurationPlatforms) = preSolution
		Debug|Any CPU = Debug|Any CPU
		Debug|x64 = Debug|x64
		Debug|x86 = Debug|x86
		Release|Any CPU = Release|Any CPU
		Release|x64 = Release|x64
		Release|x86 = Release|x86
	EndGlobalSection
	GlobalSection(ProjectConfigurationPlatforms) = postSolution
		{CA6CB37F-DCB9-40B5-8475-53C8DC54879F}.Debug|Any CPU.ActiveCfg = Debug|Any CPU
		{CA6CB37F-DCB9-40B5-8475-53C8DC54879F}.Debug|Any CPU.Build.0 = Debug|Any CPU
		{CA6CB37F-DCB9-40B5-8475-53C8DC54879F}.Debug|x64.ActiveCfg = Debug|Any CPU
		{CA6CB37F-DCB9-40B5-8475-53C8DC54879F}.Debug|x64.Build.0 = Debug|Any CPU
		{CA6CB37F-DCB9-40B5-8475-53C8DC54879F}.Debug|x86.ActiveCfg = Debug|Any CPU
		{CA6CB37F-DCB9-40B5-8475-53C8DC54879F}.Debug|x86.Build.0 = Debug|Any CPU
		{CA6CB37F-DCB9-40B5-8475-53C8DC54879F}.Release|Any CPU.ActiveCfg = Release|Any CPU
		{CA6CB37F-DCB9-40B5-8475-53C8DC54879F}.Release|Any CPU.Build.0 = Release|Any CPU
		{CA6CB37F-DCB9-40B5-8475-53C8DC54879F}.Release|x64.ActiveCfg = Release|Any CPU
		{CA6CB37F-DCB9-40B5-8475-53C8DC54879F}.Release|x64.Build.0 = Release|Any CPU
		{CA6CB37F-DCB9-40B5-8475-53C8DC54879F}.Release|x86.ActiveCfg = Release|Any CPU
		{CA6CB37F-DCB9-40B5-8475-53C8DC54879F}.Release|x86.Build.0 = Release|Any CPU
		{5186B35C-AE54-4A67-933F-2AEBD9BA508C}.Debug|Any CPU.ActiveCfg = Debug|Any CPU
		{5186B35C-AE54-4A67-933F-2AEBD9BA508C}.Debug|Any CPU.Build.0 = Debug|Any CPU
		{5186B35C-AE54-4A67-933F-2AEBD9BA508C}.Debug|x64.ActiveCfg = Debug|Any CPU
		{5186B35C-AE54-4A67-933F-2AEBD9BA508C}.Debug|x64.Build.0 = Debug|Any CPU
		{5186B35C-AE54-4A67-933F-2AEBD9BA508C}.Debug|x86.ActiveCfg = Debug|Any CPU
		{5186B35C-AE54-4A67-933F-2AEBD9BA508C}.Debug|x86.Build.0 = Debug|Any CPU
		{5186B35C-AE54-4A67-933F-2AEBD9BA508C}.Release|Any CPU.ActiveCfg = Release|Any CPU
		{5186B35C-AE54-4A67-933F-2AEBD9BA508C}.Release|Any CPU.Build.0 = Release|Any CPU
		{5186B35C-AE54-4A67-933F-2AEBD9BA508C}.Release|x64.ActiveCfg = Release|Any CPU
		{5186B35C-AE54-4A67-933F-2AEBD9BA508C}.Release|x64.Build.0 = Release|Any CPU
		{5186B35C-AE54-4A67-933F-2AEBD9BA508C}.Release|x86.ActiveCfg = Release|Any CPU
		{5186B35C-AE54-4A67-933F-2AEBD9BA508C}.Release|x86.Build.0 = Release|Any CPU
		{07B256A9-60E7-4DDE-88C1-612B7DBB00DB}.Debug|Any CPU.ActiveCfg = Debug|Any CPU
		{07B256A9-60E7-4DDE-88C1-612B7DBB00DB}.Debug|Any CPU.Build.0 = Debug|Any CPU
		{07B256A9-60E7-4DDE-88C1-612B7DBB00DB}.Debug|x64.ActiveCfg = Debug|Any CPU
		{07B256A9-60E7-4DDE-88C1-612B7DBB00DB}.Debug|x64.Build.0 = Debug|Any CPU
		{07B256A9-60E7-4DDE-88C1-612B7DBB00DB}.Debug|x86.ActiveCfg = Debug|Any CPU
		{07B256A9-60E7-4DDE-88C1-612B7DBB00DB}.Debug|x86.Build.0 = Debug|Any CPU
		{07B256A9-60E7-4DDE-88C1-612B7DBB00DB}.Release|Any CPU.ActiveCfg = Release|Any CPU
		{07B256A9-60E7-4DDE-88C1-612B7DBB00DB}.Release|Any CPU.Build.0 = Release|Any CPU
		{07B256A9-60E7-4DDE-88C1-612B7DBB00DB}.Release|x64.ActiveCfg = Release|Any CPU
		{07B256A9-60E7-4DDE-88C1-612B7DBB00DB}.Release|x64.Build.0 = Release|Any CPU
		{07B256A9-60E7-4DDE-88C1-612B7DBB00DB}.Release|x86.ActiveCfg = Release|Any CPU
		{07B256A9-60E7-4DDE-88C1-612B7DBB00DB}.Release|x86.Build.0 = Release|Any CPU
	EndGlobalSection
	GlobalSection(NestedProjects) = preSolution
		{CA6CB37F-DCB9-40B5-8475-53C8DC54879F} = {7A969605-C15F-43BD-9AD0-834BC4683E1D}
		{5186B35C-AE54-4A67-933F-2AEBD9BA508C} = {AAABB0BF-5F58-431D-97E1-6E472F6EBADA}
		{07B256A9-60E7-4DDE-88C1-612B7DBB00DB} = {AAABB0BF-5F58-431D-97E1-6E472F6EBADA}
	EndGlobalSection
EndGlobal
